// !$*UTF8*$!
{
	archiveVersion = 1;
	classes = {
	};
	objectVersion = 56;
	objects = {

/* Begin PBXBuildFile section */
		E2330A022BCC61E500EC72AC /* AppDelegate.swift in Sources */ = {isa = PBXBuildFile; fileRef = E2330A012BCC61E500EC72AC /* AppDelegate.swift */; };
		E2330A042BCC61E500EC72AC /* SceneDelegate.swift in Sources */ = {isa = PBXBuildFile; fileRef = E2330A032BCC61E500EC72AC /* SceneDelegate.swift */; };
		E2330A062BCC61E500EC72AC /* HomeViewController.swift in Sources */ = {isa = PBXBuildFile; fileRef = E2330A052BCC61E500EC72AC /* HomeViewController.swift */; };
		E2330A092BCC61E600EC72AC /* Base in Resources */ = {isa = PBXBuildFile; fileRef = E2330A082BCC61E600EC72AC /* Base */; };
		E2330A0B2BCC61E700EC72AC /* Assets.xcassets in Resources */ = {isa = PBXBuildFile; fileRef = E2330A0A2BCC61E700EC72AC /* Assets.xcassets */; };
		E2330A0E2BCC61E700EC72AC /* Base in Resources */ = {isa = PBXBuildFile; fileRef = E2330A0D2BCC61E700EC72AC /* Base */; };
		E2330A192BCC61E900EC72AC /* InstagramTests.swift in Sources */ = {isa = PBXBuildFile; fileRef = E2330A182BCC61E900EC72AC /* InstagramTests.swift */; };
		E2330A232BCC61E900EC72AC /* InstagramUITests.swift in Sources */ = {isa = PBXBuildFile; fileRef = E2330A222BCC61E900EC72AC /* InstagramUITests.swift */; };
		E2330A252BCC61E900EC72AC /* InstagramUITestsLaunchTests.swift in Sources */ = {isa = PBXBuildFile; fileRef = E2330A242BCC61E900EC72AC /* InstagramUITestsLaunchTests.swift */; };
		E2330A372BCC657F00EC72AC /* ExploreViewController.swift in Sources */ = {isa = PBXBuildFile; fileRef = E2330A362BCC657F00EC72AC /* ExploreViewController.swift */; };
		E2330A392BCC659C00EC72AC /* CameraViewController.swift in Sources */ = {isa = PBXBuildFile; fileRef = E2330A382BCC659C00EC72AC /* CameraViewController.swift */; };
		E2330A3B2BCC65B000EC72AC /* NotificationViewController.swift in Sources */ = {isa = PBXBuildFile; fileRef = E2330A3A2BCC65B000EC72AC /* NotificationViewController.swift */; };
		E2330A3D2BCC65BE00EC72AC /* ProfileViewController.swift in Sources */ = {isa = PBXBuildFile; fileRef = E2330A3C2BCC65BE00EC72AC /* ProfileViewController.swift */; };
		E2330A422BCC661B00EC72AC /* LoginViewController.swift in Sources */ = {isa = PBXBuildFile; fileRef = E2330A412BCC661B00EC72AC /* LoginViewController.swift */; };
		E2330A442BCC662E00EC72AC /* RegistrationViewController.swift in Sources */ = {isa = PBXBuildFile; fileRef = E2330A432BCC662E00EC72AC /* RegistrationViewController.swift */; };
		E2330A462BCC663F00EC72AC /* PostViewController.swift in Sources */ = {isa = PBXBuildFile; fileRef = E2330A452BCC663F00EC72AC /* PostViewController.swift */; };
		E2330A482BCC665E00EC72AC /* EditProfileViewController.swift in Sources */ = {isa = PBXBuildFile; fileRef = E2330A472BCC665E00EC72AC /* EditProfileViewController.swift */; };
		E2330A4A2BCC666700EC72AC /* SettingsViewController.swift in Sources */ = {isa = PBXBuildFile; fileRef = E2330A492BCC666700EC72AC /* SettingsViewController.swift */; };
		E2330A4C2BCC667400EC72AC /* ListViewController.swift in Sources */ = {isa = PBXBuildFile; fileRef = E2330A4B2BCC667400EC72AC /* ListViewController.swift */; };
		E2330A4E2BCC668300EC72AC /* SearchViewController.swift in Sources */ = {isa = PBXBuildFile; fileRef = E2330A4D2BCC668300EC72AC /* SearchViewController.swift */; };
		E2330A502BCC669100EC72AC /* SearchResultViewController.swift in Sources */ = {isa = PBXBuildFile; fileRef = E2330A4F2BCC669100EC72AC /* SearchResultViewController.swift */; };
		E2330A522BCC66BB00EC72AC /* PostEditorViewController.swift in Sources */ = {isa = PBXBuildFile; fileRef = E2330A512BCC66BB00EC72AC /* PostEditorViewController.swift */; };
		E2330A542BCC66C900EC72AC /* PublishPostViewController.swift in Sources */ = {isa = PBXBuildFile; fileRef = E2330A532BCC66C900EC72AC /* PublishPostViewController.swift */; };
/* End PBXBuildFile section */

/* Begin PBXContainerItemProxy section */
		E2330A152BCC61E800EC72AC /* PBXContainerItemProxy */ = {
			isa = PBXContainerItemProxy;
			containerPortal = E23309F62BCC61E500EC72AC /* Project object */;
			proxyType = 1;
			remoteGlobalIDString = E23309FD2BCC61E500EC72AC;
			remoteInfo = Instagram;
		};
		E2330A1F2BCC61E900EC72AC /* PBXContainerItemProxy */ = {
			isa = PBXContainerItemProxy;
			containerPortal = E23309F62BCC61E500EC72AC /* Project object */;
			proxyType = 1;
			remoteGlobalIDString = E23309FD2BCC61E500EC72AC;
			remoteInfo = Instagram;
		};
/* End PBXContainerItemProxy section */

/* Begin PBXFileReference section */
		E23309FE2BCC61E500EC72AC /* Instagram.app */ = {isa = PBXFileReference; explicitFileType = wrapper.application; includeInIndex = 0; path = Instagram.app; sourceTree = BUILT_PRODUCTS_DIR; };
		E2330A012BCC61E500EC72AC /* AppDelegate.swift */ = {isa = PBXFileReference; lastKnownFileType = sourcecode.swift; path = AppDelegate.swift; sourceTree = "<group>"; };
		E2330A032BCC61E500EC72AC /* SceneDelegate.swift */ = {isa = PBXFileReference; lastKnownFileType = sourcecode.swift; path = SceneDelegate.swift; sourceTree = "<group>"; };
		E2330A052BCC61E500EC72AC /* HomeViewController.swift */ = {isa = PBXFileReference; lastKnownFileType = sourcecode.swift; path = HomeViewController.swift; sourceTree = "<group>"; };
		E2330A082BCC61E600EC72AC /* Base */ = {isa = PBXFileReference; lastKnownFileType = file.storyboard; name = Base; path = Base.lproj/Main.storyboard; sourceTree = "<group>"; };
		E2330A0A2BCC61E700EC72AC /* Assets.xcassets */ = {isa = PBXFileReference; lastKnownFileType = folder.assetcatalog; path = Assets.xcassets; sourceTree = "<group>"; };
		E2330A0D2BCC61E700EC72AC /* Base */ = {isa = PBXFileReference; lastKnownFileType = file.storyboard; name = Base; path = Base.lproj/LaunchScreen.storyboard; sourceTree = "<group>"; };
		E2330A0F2BCC61E700EC72AC /* Info.plist */ = {isa = PBXFileReference; lastKnownFileType = text.plist.xml; path = Info.plist; sourceTree = "<group>"; };
		E2330A142BCC61E800EC72AC /* InstagramTests.xctest */ = {isa = PBXFileReference; explicitFileType = wrapper.cfbundle; includeInIndex = 0; path = InstagramTests.xctest; sourceTree = BUILT_PRODUCTS_DIR; };
		E2330A182BCC61E900EC72AC /* InstagramTests.swift */ = {isa = PBXFileReference; lastKnownFileType = sourcecode.swift; path = InstagramTests.swift; sourceTree = "<group>"; };
		E2330A1E2BCC61E900EC72AC /* InstagramUITests.xctest */ = {isa = PBXFileReference; explicitFileType = wrapper.cfbundle; includeInIndex = 0; path = InstagramUITests.xctest; sourceTree = BUILT_PRODUCTS_DIR; };
		E2330A222BCC61E900EC72AC /* InstagramUITests.swift */ = {isa = PBXFileReference; lastKnownFileType = sourcecode.swift; path = InstagramUITests.swift; sourceTree = "<group>"; };
		E2330A242BCC61E900EC72AC /* InstagramUITestsLaunchTests.swift */ = {isa = PBXFileReference; lastKnownFileType = sourcecode.swift; path = InstagramUITestsLaunchTests.swift; sourceTree = "<group>"; };
		E2330A362BCC657F00EC72AC /* ExploreViewController.swift */ = {isa = PBXFileReference; lastKnownFileType = sourcecode.swift; path = ExploreViewController.swift; sourceTree = "<group>"; };
		E2330A382BCC659C00EC72AC /* CameraViewController.swift */ = {isa = PBXFileReference; lastKnownFileType = sourcecode.swift; path = CameraViewController.swift; sourceTree = "<group>"; };
		E2330A3A2BCC65B000EC72AC /* NotificationViewController.swift */ = {isa = PBXFileReference; lastKnownFileType = sourcecode.swift; path = NotificationViewController.swift; sourceTree = "<group>"; };
		E2330A3C2BCC65BE00EC72AC /* ProfileViewController.swift */ = {isa = PBXFileReference; lastKnownFileType = sourcecode.swift; path = ProfileViewController.swift; sourceTree = "<group>"; };
		E2330A412BCC661B00EC72AC /* LoginViewController.swift */ = {isa = PBXFileReference; lastKnownFileType = sourcecode.swift; path = LoginViewController.swift; sourceTree = "<group>"; };
		E2330A432BCC662E00EC72AC /* RegistrationViewController.swift */ = {isa = PBXFileReference; lastKnownFileType = sourcecode.swift; path = RegistrationViewController.swift; sourceTree = "<group>"; };
		E2330A452BCC663F00EC72AC /* PostViewController.swift */ = {isa = PBXFileReference; lastKnownFileType = sourcecode.swift; path = PostViewController.swift; sourceTree = "<group>"; };
		E2330A472BCC665E00EC72AC /* EditProfileViewController.swift */ = {isa = PBXFileReference; lastKnownFileType = sourcecode.swift; path = EditProfileViewController.swift; sourceTree = "<group>"; };
		E2330A492BCC666700EC72AC /* SettingsViewController.swift */ = {isa = PBXFileReference; lastKnownFileType = sourcecode.swift; path = SettingsViewController.swift; sourceTree = "<group>"; };
		E2330A4B2BCC667400EC72AC /* ListViewController.swift */ = {isa = PBXFileReference; lastKnownFileType = sourcecode.swift; path = ListViewController.swift; sourceTree = "<group>"; };
		E2330A4D2BCC668300EC72AC /* SearchViewController.swift */ = {isa = PBXFileReference; lastKnownFileType = sourcecode.swift; path = SearchViewController.swift; sourceTree = "<group>"; };
		E2330A4F2BCC669100EC72AC /* SearchResultViewController.swift */ = {isa = PBXFileReference; lastKnownFileType = sourcecode.swift; path = SearchResultViewController.swift; sourceTree = "<group>"; };
		E2330A512BCC66BB00EC72AC /* PostEditorViewController.swift */ = {isa = PBXFileReference; lastKnownFileType = sourcecode.swift; path = PostEditorViewController.swift; sourceTree = "<group>"; };
		E2330A532BCC66C900EC72AC /* PublishPostViewController.swift */ = {isa = PBXFileReference; lastKnownFileType = sourcecode.swift; path = PublishPostViewController.swift; sourceTree = "<group>"; };
/* End PBXFileReference section */

/* Begin PBXFrameworksBuildPhase section */
		E23309FB2BCC61E500EC72AC /* Frameworks */ = {
			isa = PBXFrameworksBuildPhase;
			buildActionMask = 2147483647;
			files = (
			);
			runOnlyForDeploymentPostprocessing = 0;
		};
		E2330A112BCC61E800EC72AC /* Frameworks */ = {
			isa = PBXFrameworksBuildPhase;
			buildActionMask = 2147483647;
			files = (
			);
			runOnlyForDeploymentPostprocessing = 0;
		};
		E2330A1B2BCC61E900EC72AC /* Frameworks */ = {
			isa = PBXFrameworksBuildPhase;
			buildActionMask = 2147483647;
			files = (
			);
			runOnlyForDeploymentPostprocessing = 0;
		};
/* End PBXFrameworksBuildPhase section */

/* Begin PBXGroup section */
		E23309F52BCC61E500EC72AC = {
			isa = PBXGroup;
			children = (
				E2330A002BCC61E500EC72AC /* Instagram */,
				E2330A172BCC61E900EC72AC /* InstagramTests */,
				E2330A212BCC61E900EC72AC /* InstagramUITests */,
				E23309FF2BCC61E500EC72AC /* Products */,
			);
			sourceTree = "<group>";
		};
		E23309FF2BCC61E500EC72AC /* Products */ = {
			isa = PBXGroup;
			children = (
				E23309FE2BCC61E500EC72AC /* Instagram.app */,
				E2330A142BCC61E800EC72AC /* InstagramTests.xctest */,
				E2330A1E2BCC61E900EC72AC /* InstagramUITests.xctest */,
			);
			name = Products;
			sourceTree = "<group>";
		};
		E2330A002BCC61E500EC72AC /* Instagram */ = {
			isa = PBXGroup;
			children = (
				E2330A342BCC634300EC72AC /* Resources */,
				E2330A332BCC633B00EC72AC /* Models */,
				E2330A322BCC633500EC72AC /* Views */,
				E2330A312BCC632D00EC72AC /* Controllers */,
				E2330A0F2BCC61E700EC72AC /* Info.plist */,
			);
			path = Instagram;
			sourceTree = "<group>";
		};
		E2330A172BCC61E900EC72AC /* InstagramTests */ = {
			isa = PBXGroup;
			children = (
				E2330A182BCC61E900EC72AC /* InstagramTests.swift */,
			);
			path = InstagramTests;
			sourceTree = "<group>";
		};
		E2330A212BCC61E900EC72AC /* InstagramUITests */ = {
			isa = PBXGroup;
			children = (
				E2330A222BCC61E900EC72AC /* InstagramUITests.swift */,
				E2330A242BCC61E900EC72AC /* InstagramUITestsLaunchTests.swift */,
			);
			path = InstagramUITests;
			sourceTree = "<group>";
		};
		E2330A312BCC632D00EC72AC /* Controllers */ = {
			isa = PBXGroup;
			children = (
				E2330A3F2BCC65FA00EC72AC /* Other */,
				E2330A3E2BCC65C700EC72AC /* Core Tabs */,
			);
			path = Controllers;
			sourceTree = "<group>";
		};
		E2330A322BCC633500EC72AC /* Views */ = {
			isa = PBXGroup;
			children = (
				E2330A0A2BCC61E700EC72AC /* Assets.xcassets */,
				E2330A352BCC63A800EC72AC /* Storyboards */,
			);
			path = Views;
			sourceTree = "<group>";
		};
		E2330A332BCC633B00EC72AC /* Models */ = {
			isa = PBXGroup;
			children = (
			);
			path = Models;
			sourceTree = "<group>";
		};
		E2330A342BCC634300EC72AC /* Resources */ = {
			isa = PBXGroup;
			children = (
				E2330A012BCC61E500EC72AC /* AppDelegate.swift */,
				E2330A032BCC61E500EC72AC /* SceneDelegate.swift */,
			);
			path = Resources;
			sourceTree = "<group>";
		};
		E2330A352BCC63A800EC72AC /* Storyboards */ = {
			isa = PBXGroup;
			children = (
				E2330A072BCC61E600EC72AC /* Main.storyboard */,
				E2330A0C2BCC61E700EC72AC /* LaunchScreen.storyboard */,
			);
			path = Storyboards;
			sourceTree = "<group>";
		};
		E2330A3E2BCC65C700EC72AC /* Core Tabs */ = {
			isa = PBXGroup;
			children = (
				E2330A052BCC61E500EC72AC /* HomeViewController.swift */,
				E2330A362BCC657F00EC72AC /* ExploreViewController.swift */,
				E2330A382BCC659C00EC72AC /* CameraViewController.swift */,
				E2330A3A2BCC65B000EC72AC /* NotificationViewController.swift */,
				E2330A3C2BCC65BE00EC72AC /* ProfileViewController.swift */,
			);
			path = "Core Tabs";
			sourceTree = "<group>";
		};
		E2330A3F2BCC65FA00EC72AC /* Other */ = {
			isa = PBXGroup;
			children = (
				E2330A402BCC660200EC72AC /* Onboarding */,
				E2330A452BCC663F00EC72AC /* PostViewController.swift */,
				E2330A472BCC665E00EC72AC /* EditProfileViewController.swift */,
				E2330A492BCC666700EC72AC /* SettingsViewController.swift */,
				E2330A4B2BCC667400EC72AC /* ListViewController.swift */,
				E2330A4D2BCC668300EC72AC /* SearchViewController.swift */,
				E2330A4F2BCC669100EC72AC /* SearchResultViewController.swift */,
				E2330A512BCC66BB00EC72AC /* PostEditorViewController.swift */,
				E2330A532BCC66C900EC72AC /* PublishPostViewController.swift */,
			);
			path = Other;
			sourceTree = "<group>";
		};
		E2330A402BCC660200EC72AC /* Onboarding */ = {
			isa = PBXGroup;
			children = (
				E2330A412BCC661B00EC72AC /* LoginViewController.swift */,
				E2330A432BCC662E00EC72AC /* RegistrationViewController.swift */,
			);
			path = Onboarding;
			sourceTree = "<group>";
		};
/* End PBXGroup section */

/* Begin PBXNativeTarget section */
		E23309FD2BCC61E500EC72AC /* Instagram */ = {
			isa = PBXNativeTarget;
			buildConfigurationList = E2330A282BCC61E900EC72AC /* Build configuration list for PBXNativeTarget "Instagram" */;
			buildPhases = (
				E23309FA2BCC61E500EC72AC /* Sources */,
				E23309FB2BCC61E500EC72AC /* Frameworks */,
				E23309FC2BCC61E500EC72AC /* Resources */,
			);
			buildRules = (
			);
			dependencies = (
			);
			name = Instagram;
			productName = Instagram;
			productReference = E23309FE2BCC61E500EC72AC /* Instagram.app */;
			productType = "com.apple.product-type.application";
		};
		E2330A132BCC61E800EC72AC /* InstagramTests */ = {
			isa = PBXNativeTarget;
			buildConfigurationList = E2330A2B2BCC61E900EC72AC /* Build configuration list for PBXNativeTarget "InstagramTests" */;
			buildPhases = (
				E2330A102BCC61E800EC72AC /* Sources */,
				E2330A112BCC61E800EC72AC /* Frameworks */,
				E2330A122BCC61E800EC72AC /* Resources */,
			);
			buildRules = (
			);
			dependencies = (
				E2330A162BCC61E800EC72AC /* PBXTargetDependency */,
			);
			name = InstagramTests;
			productName = InstagramTests;
			productReference = E2330A142BCC61E800EC72AC /* InstagramTests.xctest */;
			productType = "com.apple.product-type.bundle.unit-test";
		};
		E2330A1D2BCC61E900EC72AC /* InstagramUITests */ = {
			isa = PBXNativeTarget;
			buildConfigurationList = E2330A2E2BCC61E900EC72AC /* Build configuration list for PBXNativeTarget "InstagramUITests" */;
			buildPhases = (
				E2330A1A2BCC61E900EC72AC /* Sources */,
				E2330A1B2BCC61E900EC72AC /* Frameworks */,
				E2330A1C2BCC61E900EC72AC /* Resources */,
			);
			buildRules = (
			);
			dependencies = (
				E2330A202BCC61E900EC72AC /* PBXTargetDependency */,
			);
			name = InstagramUITests;
			productName = InstagramUITests;
			productReference = E2330A1E2BCC61E900EC72AC /* InstagramUITests.xctest */;
			productType = "com.apple.product-type.bundle.ui-testing";
		};
/* End PBXNativeTarget section */

/* Begin PBXProject section */
		E23309F62BCC61E500EC72AC /* Project object */ = {
			isa = PBXProject;
			attributes = {
				BuildIndependentTargetsInParallel = 1;
				LastSwiftUpdateCheck = 1530;
				LastUpgradeCheck = 1530;
				TargetAttributes = {
					E23309FD2BCC61E500EC72AC = {
						CreatedOnToolsVersion = 15.3;
					};
					E2330A132BCC61E800EC72AC = {
						CreatedOnToolsVersion = 15.3;
						TestTargetID = E23309FD2BCC61E500EC72AC;
					};
					E2330A1D2BCC61E900EC72AC = {
						CreatedOnToolsVersion = 15.3;
						TestTargetID = E23309FD2BCC61E500EC72AC;
					};
				};
			};
			buildConfigurationList = E23309F92BCC61E500EC72AC /* Build configuration list for PBXProject "Instagram" */;
			compatibilityVersion = "Xcode 14.0";
			developmentRegion = en;
			hasScannedForEncodings = 0;
			knownRegions = (
				en,
				Base,
			);
			mainGroup = E23309F52BCC61E500EC72AC;
			productRefGroup = E23309FF2BCC61E500EC72AC /* Products */;
			projectDirPath = "";
			projectRoot = "";
			targets = (
				E23309FD2BCC61E500EC72AC /* Instagram */,
				E2330A132BCC61E800EC72AC /* InstagramTests */,
				E2330A1D2BCC61E900EC72AC /* InstagramUITests */,
			);
		};
/* End PBXProject section */

/* Begin PBXResourcesBuildPhase section */
		E23309FC2BCC61E500EC72AC /* Resources */ = {
			isa = PBXResourcesBuildPhase;
			buildActionMask = 2147483647;
			files = (
				E2330A0B2BCC61E700EC72AC /* Assets.xcassets in Resources */,
				E2330A0E2BCC61E700EC72AC /* Base in Resources */,
				E2330A092BCC61E600EC72AC /* Base in Resources */,
			);
			runOnlyForDeploymentPostprocessing = 0;
		};
		E2330A122BCC61E800EC72AC /* Resources */ = {
			isa = PBXResourcesBuildPhase;
			buildActionMask = 2147483647;
			files = (
			);
			runOnlyForDeploymentPostprocessing = 0;
		};
		E2330A1C2BCC61E900EC72AC /* Resources */ = {
			isa = PBXResourcesBuildPhase;
			buildActionMask = 2147483647;
			files = (
			);
			runOnlyForDeploymentPostprocessing = 0;
		};
/* End PBXResourcesBuildPhase section */

/* Begin PBXSourcesBuildPhase section */
		E23309FA2BCC61E500EC72AC /* Sources */ = {
			isa = PBXSourcesBuildPhase;
			buildActionMask = 2147483647;
			files = (
				E2330A482BCC665E00EC72AC /* EditProfileViewController.swift in Sources */,
				E2330A372BCC657F00EC72AC /* ExploreViewController.swift in Sources */,
				E2330A542BCC66C900EC72AC /* PublishPostViewController.swift in Sources */,
				E2330A392BCC659C00EC72AC /* CameraViewController.swift in Sources */,
				E2330A3B2BCC65B000EC72AC /* NotificationViewController.swift in Sources */,
				E2330A442BCC662E00EC72AC /* RegistrationViewController.swift in Sources */,
				E2330A522BCC66BB00EC72AC /* PostEditorViewController.swift in Sources */,
				E2330A462BCC663F00EC72AC /* PostViewController.swift in Sources */,
				E2330A062BCC61E500EC72AC /* HomeViewController.swift in Sources */,
				E2330A502BCC669100EC72AC /* SearchResultViewController.swift in Sources */,
				E2330A422BCC661B00EC72AC /* LoginViewController.swift in Sources */,
				E2330A4E2BCC668300EC72AC /* SearchViewController.swift in Sources */,
				E2330A3D2BCC65BE00EC72AC /* ProfileViewController.swift in Sources */,
				E2330A022BCC61E500EC72AC /* AppDelegate.swift in Sources */,
				E2330A042BCC61E500EC72AC /* SceneDelegate.swift in Sources */,
				E2330A4C2BCC667400EC72AC /* ListViewController.swift in Sources */,
				E2330A4A2BCC666700EC72AC /* SettingsViewController.swift in Sources */,
			);
			runOnlyForDeploymentPostprocessing = 0;
		};
		E2330A102BCC61E800EC72AC /* Sources */ = {
			isa = PBXSourcesBuildPhase;
			buildActionMask = 2147483647;
			files = (
				E2330A192BCC61E900EC72AC /* InstagramTests.swift in Sources */,
			);
			runOnlyForDeploymentPostprocessing = 0;
		};
		E2330A1A2BCC61E900EC72AC /* Sources */ = {
			isa = PBXSourcesBuildPhase;
			buildActionMask = 2147483647;
			files = (
				E2330A232BCC61E900EC72AC /* InstagramUITests.swift in Sources */,
				E2330A252BCC61E900EC72AC /* InstagramUITestsLaunchTests.swift in Sources */,
			);
			runOnlyForDeploymentPostprocessing = 0;
		};
/* End PBXSourcesBuildPhase section */

/* Begin PBXTargetDependency section */
		E2330A162BCC61E800EC72AC /* PBXTargetDependency */ = {
			isa = PBXTargetDependency;
			target = E23309FD2BCC61E500EC72AC /* Instagram */;
			targetProxy = E2330A152BCC61E800EC72AC /* PBXContainerItemProxy */;
		};
		E2330A202BCC61E900EC72AC /* PBXTargetDependency */ = {
			isa = PBXTargetDependency;
			target = E23309FD2BCC61E500EC72AC /* Instagram */;
			targetProxy = E2330A1F2BCC61E900EC72AC /* PBXContainerItemProxy */;
		};
/* End PBXTargetDependency section */

/* Begin PBXVariantGroup section */
		E2330A072BCC61E600EC72AC /* Main.storyboard */ = {
			isa = PBXVariantGroup;
			children = (
				E2330A082BCC61E600EC72AC /* Base */,
			);
			name = Main.storyboard;
			sourceTree = "<group>";
		};
		E2330A0C2BCC61E700EC72AC /* LaunchScreen.storyboard */ = {
			isa = PBXVariantGroup;
			children = (
				E2330A0D2BCC61E700EC72AC /* Base */,
			);
			name = LaunchScreen.storyboard;
			sourceTree = "<group>";
		};
/* End PBXVariantGroup section */

/* Begin XCBuildConfiguration section */
		E2330A262BCC61E900EC72AC /* Debug */ = {
			isa = XCBuildConfiguration;
			buildSettings = {
				ALWAYS_SEARCH_USER_PATHS = NO;
				ASSETCATALOG_COMPILER_GENERATE_SWIFT_ASSET_SYMBOL_EXTENSIONS = YES;
				CLANG_ANALYZER_NONNULL = YES;
				CLANG_ANALYZER_NUMBER_OBJECT_CONVERSION = YES_AGGRESSIVE;
				CLANG_CXX_LANGUAGE_STANDARD = "gnu++20";
				CLANG_ENABLE_MODULES = YES;
				CLANG_ENABLE_OBJC_ARC = YES;
				CLANG_ENABLE_OBJC_WEAK = YES;
				CLANG_WARN_BLOCK_CAPTURE_AUTORELEASING = YES;
				CLANG_WARN_BOOL_CONVERSION = YES;
				CLANG_WARN_COMMA = YES;
				CLANG_WARN_CONSTANT_CONVERSION = YES;
				CLANG_WARN_DEPRECATED_OBJC_IMPLEMENTATIONS = YES;
				CLANG_WARN_DIRECT_OBJC_ISA_USAGE = YES_ERROR;
				CLANG_WARN_DOCUMENTATION_COMMENTS = YES;
				CLANG_WARN_EMPTY_BODY = YES;
				CLANG_WARN_ENUM_CONVERSION = YES;
				CLANG_WARN_INFINITE_RECURSION = YES;
				CLANG_WARN_INT_CONVERSION = YES;
				CLANG_WARN_NON_LITERAL_NULL_CONVERSION = YES;
				CLANG_WARN_OBJC_IMPLICIT_RETAIN_SELF = YES;
				CLANG_WARN_OBJC_LITERAL_CONVERSION = YES;
				CLANG_WARN_OBJC_ROOT_CLASS = YES_ERROR;
				CLANG_WARN_QUOTED_INCLUDE_IN_FRAMEWORK_HEADER = YES;
				CLANG_WARN_RANGE_LOOP_ANALYSIS = YES;
				CLANG_WARN_STRICT_PROTOTYPES = YES;
				CLANG_WARN_SUSPICIOUS_MOVE = YES;
				CLANG_WARN_UNGUARDED_AVAILABILITY = YES_AGGRESSIVE;
				CLANG_WARN_UNREACHABLE_CODE = YES;
				CLANG_WARN__DUPLICATE_METHOD_MATCH = YES;
				COPY_PHASE_STRIP = NO;
				DEBUG_INFORMATION_FORMAT = dwarf;
				ENABLE_STRICT_OBJC_MSGSEND = YES;
				ENABLE_TESTABILITY = YES;
				ENABLE_USER_SCRIPT_SANDBOXING = YES;
				GCC_C_LANGUAGE_STANDARD = gnu17;
				GCC_DYNAMIC_NO_PIC = NO;
				GCC_NO_COMMON_BLOCKS = YES;
				GCC_OPTIMIZATION_LEVEL = 0;
				GCC_PREPROCESSOR_DEFINITIONS = (
					"DEBUG=1",
					"$(inherited)",
				);
				GCC_WARN_64_TO_32_BIT_CONVERSION = YES;
				GCC_WARN_ABOUT_RETURN_TYPE = YES_ERROR;
				GCC_WARN_UNDECLARED_SELECTOR = YES;
				GCC_WARN_UNINITIALIZED_AUTOS = YES_AGGRESSIVE;
				GCC_WARN_UNUSED_FUNCTION = YES;
				GCC_WARN_UNUSED_VARIABLE = YES;
				IPHONEOS_DEPLOYMENT_TARGET = 17.4;
				LOCALIZATION_PREFERS_STRING_CATALOGS = YES;
				MTL_ENABLE_DEBUG_INFO = INCLUDE_SOURCE;
				MTL_FAST_MATH = YES;
				ONLY_ACTIVE_ARCH = YES;
				SDKROOT = iphoneos;
				SWIFT_ACTIVE_COMPILATION_CONDITIONS = "DEBUG $(inherited)";
				SWIFT_OPTIMIZATION_LEVEL = "-Onone";
			};
			name = Debug;
		};
		E2330A272BCC61E900EC72AC /* Release */ = {
			isa = XCBuildConfiguration;
			buildSettings = {
				ALWAYS_SEARCH_USER_PATHS = NO;
				ASSETCATALOG_COMPILER_GENERATE_SWIFT_ASSET_SYMBOL_EXTENSIONS = YES;
				CLANG_ANALYZER_NONNULL = YES;
				CLANG_ANALYZER_NUMBER_OBJECT_CONVERSION = YES_AGGRESSIVE;
				CLANG_CXX_LANGUAGE_STANDARD = "gnu++20";
				CLANG_ENABLE_MODULES = YES;
				CLANG_ENABLE_OBJC_ARC = YES;
				CLANG_ENABLE_OBJC_WEAK = YES;
				CLANG_WARN_BLOCK_CAPTURE_AUTORELEASING = YES;
				CLANG_WARN_BOOL_CONVERSION = YES;
				CLANG_WARN_COMMA = YES;
				CLANG_WARN_CONSTANT_CONVERSION = YES;
				CLANG_WARN_DEPRECATED_OBJC_IMPLEMENTATIONS = YES;
				CLANG_WARN_DIRECT_OBJC_ISA_USAGE = YES_ERROR;
				CLANG_WARN_DOCUMENTATION_COMMENTS = YES;
				CLANG_WARN_EMPTY_BODY = YES;
				CLANG_WARN_ENUM_CONVERSION = YES;
				CLANG_WARN_INFINITE_RECURSION = YES;
				CLANG_WARN_INT_CONVERSION = YES;
				CLANG_WARN_NON_LITERAL_NULL_CONVERSION = YES;
				CLANG_WARN_OBJC_IMPLICIT_RETAIN_SELF = YES;
				CLANG_WARN_OBJC_LITERAL_CONVERSION = YES;
				CLANG_WARN_OBJC_ROOT_CLASS = YES_ERROR;
				CLANG_WARN_QUOTED_INCLUDE_IN_FRAMEWORK_HEADER = YES;
				CLANG_WARN_RANGE_LOOP_ANALYSIS = YES;
				CLANG_WARN_STRICT_PROTOTYPES = YES;
				CLANG_WARN_SUSPICIOUS_MOVE = YES;
				CLANG_WARN_UNGUARDED_AVAILABILITY = YES_AGGRESSIVE;
				CLANG_WARN_UNREACHABLE_CODE = YES;
				CLANG_WARN__DUPLICATE_METHOD_MATCH = YES;
				COPY_PHASE_STRIP = NO;
				DEBUG_INFORMATION_FORMAT = "dwarf-with-dsym";
				ENABLE_NS_ASSERTIONS = NO;
				ENABLE_STRICT_OBJC_MSGSEND = YES;
				ENABLE_USER_SCRIPT_SANDBOXING = YES;
				GCC_C_LANGUAGE_STANDARD = gnu17;
				GCC_NO_COMMON_BLOCKS = YES;
				GCC_WARN_64_TO_32_BIT_CONVERSION = YES;
				GCC_WARN_ABOUT_RETURN_TYPE = YES_ERROR;
				GCC_WARN_UNDECLARED_SELECTOR = YES;
				GCC_WARN_UNINITIALIZED_AUTOS = YES_AGGRESSIVE;
				GCC_WARN_UNUSED_FUNCTION = YES;
				GCC_WARN_UNUSED_VARIABLE = YES;
				IPHONEOS_DEPLOYMENT_TARGET = 17.4;
				LOCALIZATION_PREFERS_STRING_CATALOGS = YES;
				MTL_ENABLE_DEBUG_INFO = NO;
				MTL_FAST_MATH = YES;
				SDKROOT = iphoneos;
				SWIFT_COMPILATION_MODE = wholemodule;
				VALIDATE_PRODUCT = YES;
			};
			name = Release;
		};
		E2330A292BCC61E900EC72AC /* Debug */ = {
			isa = XCBuildConfiguration;
			buildSettings = {
				ASSETCATALOG_COMPILER_APPICON_NAME = AppIcon;
				ASSETCATALOG_COMPILER_GLOBAL_ACCENT_COLOR_NAME = AccentColor;
				CODE_SIGN_STYLE = Automatic;
				CURRENT_PROJECT_VERSION = 1;
				DEVELOPMENT_TEAM = YU57Q8MWQN;
				GENERATE_INFOPLIST_FILE = YES;
				INFOPLIST_FILE = Instagram/Info.plist;
				INFOPLIST_KEY_UIApplicationSupportsIndirectInputEvents = YES;
				INFOPLIST_KEY_UILaunchStoryboardName = LaunchScreen;
				INFOPLIST_KEY_UIMainStoryboardFile = Main;
				INFOPLIST_KEY_UISupportedInterfaceOrientations_iPad = "UIInterfaceOrientationPortrait UIInterfaceOrientationPortraitUpsideDown UIInterfaceOrientationLandscapeLeft UIInterfaceOrientationLandscapeRight";
				INFOPLIST_KEY_UISupportedInterfaceOrientations_iPhone = "UIInterfaceOrientationPortrait UIInterfaceOrientationLandscapeLeft UIInterfaceOrientationLandscapeRight";
				LD_RUNPATH_SEARCH_PATHS = (
					"$(inherited)",
					"@executable_path/Frameworks",
				);
				MARKETING_VERSION = 1.0;
				PRODUCT_BUNDLE_IDENTIFIER = site.Instagram;
				PRODUCT_NAME = "$(TARGET_NAME)";
				SWIFT_EMIT_LOC_STRINGS = YES;
				SWIFT_VERSION = 5.0;
				TARGETED_DEVICE_FAMILY = "1,2";
			};
			name = Debug;
		};
		E2330A2A2BCC61E900EC72AC /* Release */ = {
			isa = XCBuildConfiguration;
			buildSettings = {
				ASSETCATALOG_COMPILER_APPICON_NAME = AppIcon;
				ASSETCATALOG_COMPILER_GLOBAL_ACCENT_COLOR_NAME = AccentColor;
				CODE_SIGN_STYLE = Automatic;
				CURRENT_PROJECT_VERSION = 1;
				DEVELOPMENT_TEAM = YU57Q8MWQN;
				GENERATE_INFOPLIST_FILE = YES;
				INFOPLIST_FILE = Instagram/Info.plist;
				INFOPLIST_KEY_UIApplicationSupportsIndirectInputEvents = YES;
				INFOPLIST_KEY_UILaunchStoryboardName = LaunchScreen;
				INFOPLIST_KEY_UIMainStoryboardFile = Main;
				INFOPLIST_KEY_UISupportedInterfaceOrientations_iPad = "UIInterfaceOrientationPortrait UIInterfaceOrientationPortraitUpsideDown UIInterfaceOrientationLandscapeLeft UIInterfaceOrientationLandscapeRight";
				INFOPLIST_KEY_UISupportedInterfaceOrientations_iPhone = "UIInterfaceOrientationPortrait UIInterfaceOrientationLandscapeLeft UIInterfaceOrientationLandscapeRight";
				LD_RUNPATH_SEARCH_PATHS = (
					"$(inherited)",
					"@executable_path/Frameworks",
				);
				MARKETING_VERSION = 1.0;
				PRODUCT_BUNDLE_IDENTIFIER = site.Instagram;
				PRODUCT_NAME = "$(TARGET_NAME)";
				SWIFT_EMIT_LOC_STRINGS = YES;
				SWIFT_VERSION = 5.0;
				TARGETED_DEVICE_FAMILY = "1,2";
			};
			name = Release;
		};
		E2330A2C2BCC61E900EC72AC /* Debug */ = {
			isa = XCBuildConfiguration;
			buildSettings = {
				ALWAYS_EMBED_SWIFT_STANDARD_LIBRARIES = YES;
				BUNDLE_LOADER = "$(TEST_HOST)";
				CODE_SIGN_STYLE = Automatic;
				CURRENT_PROJECT_VERSION = 1;
				DEVELOPMENT_TEAM = YU57Q8MWQN;
				GENERATE_INFOPLIST_FILE = YES;
				IPHONEOS_DEPLOYMENT_TARGET = 17.4;
				MARKETING_VERSION = 1.0;
				PRODUCT_BUNDLE_IDENTIFIER = site.InstagramTests;
				PRODUCT_NAME = "$(TARGET_NAME)";
				SWIFT_EMIT_LOC_STRINGS = NO;
				SWIFT_VERSION = 5.0;
				TARGETED_DEVICE_FAMILY = "1,2";
				TEST_HOST = "$(BUILT_PRODUCTS_DIR)/Instagram.app/$(BUNDLE_EXECUTABLE_FOLDER_PATH)/Instagram";
			};
			name = Debug;
		};
		E2330A2D2BCC61E900EC72AC /* Release */ = {
			isa = XCBuildConfiguration;
			buildSettings = {
				ALWAYS_EMBED_SWIFT_STANDARD_LIBRARIES = YES;
				BUNDLE_LOADER = "$(TEST_HOST)";
				CODE_SIGN_STYLE = Automatic;
				CURRENT_PROJECT_VERSION = 1;
				DEVELOPMENT_TEAM = YU57Q8MWQN;
				GENERATE_INFOPLIST_FILE = YES;
				IPHONEOS_DEPLOYMENT_TARGET = 17.4;
				MARKETING_VERSION = 1.0;
				PRODUCT_BUNDLE_IDENTIFIER = site.InstagramTests;
				PRODUCT_NAME = "$(TARGET_NAME)";
				SWIFT_EMIT_LOC_STRINGS = NO;
				SWIFT_VERSION = 5.0;
				TARGETED_DEVICE_FAMILY = "1,2";
				TEST_HOST = "$(BUILT_PRODUCTS_DIR)/Instagram.app/$(BUNDLE_EXECUTABLE_FOLDER_PATH)/Instagram";
			};
			name = Release;
		};
		E2330A2F2BCC61E900EC72AC /* Debug */ = {
			isa = XCBuildConfiguration;
			buildSettings = {
				ALWAYS_EMBED_SWIFT_STANDARD_LIBRARIES = YES;
				CODE_SIGN_STYLE = Automatic;
				CURRENT_PROJECT_VERSION = 1;
				DEVELOPMENT_TEAM = YU57Q8MWQN;
				GENERATE_INFOPLIST_FILE = YES;
				MARKETING_VERSION = 1.0;
				PRODUCT_BUNDLE_IDENTIFIER = site.InstagramUITests;
				PRODUCT_NAME = "$(TARGET_NAME)";
				SWIFT_EMIT_LOC_STRINGS = NO;
				SWIFT_VERSION = 5.0;
				TARGETED_DEVICE_FAMILY = "1,2";
				TEST_TARGET_NAME = Instagram;
			};
			name = Debug;
		};
		E2330A302BCC61E900EC72AC /* Release */ = {
			isa = XCBuildConfiguration;
			buildSettings = {
				ALWAYS_EMBED_SWIFT_STANDARD_LIBRARIES = YES;
				CODE_SIGN_STYLE = Automatic;
				CURRENT_PROJECT_VERSION = 1;
				DEVELOPMENT_TEAM = YU57Q8MWQN;
				GENERATE_INFOPLIST_FILE = YES;
				MARKETING_VERSION = 1.0;
				PRODUCT_BUNDLE_IDENTIFIER = site.InstagramUITests;
				PRODUCT_NAME = "$(TARGET_NAME)";
				SWIFT_EMIT_LOC_STRINGS = NO;
				SWIFT_VERSION = 5.0;
				TARGETED_DEVICE_FAMILY = "1,2";
				TEST_TARGET_NAME = Instagram;
			};
			name = Release;
		};
/* End XCBuildConfiguration section */

/* Begin XCConfigurationList section */
		E23309F92BCC61E500EC72AC /* Build configuration list for PBXProject "Instagram" */ = {
			isa = XCConfigurationList;
			buildConfigurations = (
				E2330A262BCC61E900EC72AC /* Debug */,
				E2330A272BCC61E900EC72AC /* Release */,
			);
			defaultConfigurationIsVisible = 0;
			defaultConfigurationName = Release;
		};
		E2330A282BCC61E900EC72AC /* Build configuration list for PBXNativeTarget "Instagram" */ = {
			isa = XCConfigurationList;
			buildConfigurations = (
				E2330A292BCC61E900EC72AC /* Debug */,
				E2330A2A2BCC61E900EC72AC /* Release */,
			);
			defaultConfigurationIsVisible = 0;
			defaultConfigurationName = Release;
		};
		E2330A2B2BCC61E900EC72AC /* Build configuration list for PBXNativeTarget "InstagramTests" */ = {
			isa = XCConfigurationList;
			buildConfigurations = (
				E2330A2C2BCC61E900EC72AC /* Debug */,
				E2330A2D2BCC61E900EC72AC /* Release */,
			);
			defaultConfigurationIsVisible = 0;
			defaultConfigurationName = Release;
		};
		E2330A2E2BCC61E900EC72AC /* Build configuration list for PBXNativeTarget "InstagramUITests" */ = {
			isa = XCConfigurationList;
			buildConfigurations = (
				E2330A2F2BCC61E900EC72AC /* Debug */,
				E2330A302BCC61E900EC72AC /* Release */,
			);
			defaultConfigurationIsVisible = 0;
			defaultConfigurationName = Release;
		};
/* End XCConfigurationList section */
	};
	rootObject = E23309F62BCC61E500EC72AC /* Project object */;
}
